// !$*UTF8*$!
{
	archiveVersion = 1;
	classes = {
	};
	objectVersion = 46;
	objects = {

/* Begin PBXBuildFile section */
		8B6B4EA51EF13B630061E174 /* AppDelegate.swift in Sources */ = {isa = PBXBuildFile; fileRef = 8B6B4EA41EF13B630061E174 /* AppDelegate.swift */; };
		8B6B4EA71EF13B630061E174 /* ViewController.swift in Sources */ = {isa = PBXBuildFile; fileRef = 8B6B4EA61EF13B630061E174 /* ViewController.swift */; };
		8B6B4EAA1EF13B630061E174 /* Main.storyboard in Resources */ = {isa = PBXBuildFile; fileRef = 8B6B4EA81EF13B630061E174 /* Main.storyboard */; };
		8B6B4EAC1EF13B630061E174 /* Assets.xcassets in Resources */ = {isa = PBXBuildFile; fileRef = 8B6B4EAB1EF13B630061E174 /* Assets.xcassets */; };
		8B6B4EAF1EF13B630061E174 /* LaunchScreen.storyboard in Resources */ = {isa = PBXBuildFile; fileRef = 8B6B4EAD1EF13B630061E174 /* LaunchScreen.storyboard */; };
		8BDE25C11EF2D59400679B2E /* sean-afnan-217427.jpg in Resources */ = {isa = PBXBuildFile; fileRef = 8BDE25C01EF2D59400679B2E /* sean-afnan-217427.jpg */; };
		8BDE25C41EF3ABA000679B2E /* SecondViewController.swift in Sources */ = {isa = PBXBuildFile; fileRef = 8BDE25C31EF3ABA000679B2E /* SecondViewController.swift */; };
/* End PBXBuildFile section */

/* Begin PBXFileReference section */
		8B6B4EA11EF13B630061E174 /* HelloWorld.app */ = {isa = PBXFileReference; explicitFileType = wrapper.application; includeInIndex = 0; path = HelloWorld.app; sourceTree = BUILT_PRODUCTS_DIR; };
		8B6B4EA41EF13B630061E174 /* AppDelegate.swift */ = {isa = PBXFileReference; lastKnownFileType = sourcecode.swift; path = AppDelegate.swift; sourceTree = "<group>"; };
		8B6B4EA61EF13B630061E174 /* ViewController.swift */ = {isa = PBXFileReference; lastKnownFileType = sourcecode.swift; path = ViewController.swift; sourceTree = "<group>"; };
		8B6B4EA91EF13B630061E174 /* Base */ = {isa = PBXFileReference; lastKnownFileType = file.storyboard; name = Base; path = Base.lproj/Main.storyboard; sourceTree = "<group>"; };
		8B6B4EAB1EF13B630061E174 /* Assets.xcassets */ = {isa = PBXFileReference; lastKnownFileType = folder.assetcatalog; path = Assets.xcassets; sourceTree = "<group>"; };
		8B6B4EAE1EF13B630061E174 /* Base */ = {isa = PBXFileReference; lastKnownFileType = file.storyboard; name = Base; path = Base.lproj/LaunchScreen.storyboard; sourceTree = "<group>"; };
		8B6B4EB01EF13B630061E174 /* Info.plist */ = {isa = PBXFileReference; lastKnownFileType = text.plist.xml; path = Info.plist; sourceTree = "<group>"; };
		8BDE25C01EF2D59400679B2E /* sean-afnan-217427.jpg */ = {isa = PBXFileReference; lastKnownFileType = image.jpeg; path = "sean-afnan-217427.jpg"; sourceTree = "<group>"; };
		8BDE25C31EF3ABA000679B2E /* SecondViewController.swift */ = {isa = PBXFileReference; fileEncoding = 4; lastKnownFileType = sourcecode.swift; path = SecondViewController.swift; sourceTree = "<group>"; };
/* End PBXFileReference section */

/* Begin PBXFrameworksBuildPhase section */
		8B6B4E9E1EF13B630061E174 /* Frameworks */ = {
			isa = PBXFrameworksBuildPhase;
			buildActionMask = 2147483647;
			files = (
			);
			runOnlyForDeploymentPostprocessing = 0;
		};
/* End PBXFrameworksBuildPhase section */

/* Begin PBXGroup section */
		8B6B4E981EF13B630061E174 = {
			isa = PBXGroup;
			children = (
				8B6B4EA31EF13B630061E174 /* HelloWorld */,
				8B6B4EA21EF13B630061E174 /* Products */,
			);
			sourceTree = "<group>";
		};
		8B6B4EA21EF13B630061E174 /* Products */ = {
			isa = PBXGroup;
			children = (
				8B6B4EA11EF13B630061E174 /* HelloWorld.app */,
			);
			name = Products;
			sourceTree = "<group>";
		};
		8B6B4EA31EF13B630061E174 /* HelloWorld */ = {
			isa = PBXGroup;
			children = (
				8B6B4EA41EF13B630061E174 /* AppDelegate.swift */,
				8B6B4EA61EF13B630061E174 /* ViewController.swift */,
				8BDE25C31EF3ABA000679B2E /* SecondViewController.swift */,
				8B6B4EA81EF13B630061E174 /* Main.storyboard */,
				8B6B4EAB1EF13B630061E174 /* Assets.xcassets */,
				8B6B4EAD1EF13B630061E174 /* LaunchScreen.storyboard */,
				8B6B4EB01EF13B630061E174 /* Info.plist */,
				8BDE25C21EF2D5AB00679B2E /* Backgrounds */,
			);
			path = HelloWorld;
			sourceTree = "<group>";
		};
		8BDE25C21EF2D5AB00679B2E /* Backgrounds */ = {
			isa = PBXGroup;
			children = (
				8BDE25C01EF2D59400679B2E /* sean-afnan-217427.jpg */,
			);
			name = Backgrounds;
			path = ..;
			sourceTree = "<group>";
		};
/* End PBXGroup section */

/* Begin PBXNativeTarget section */
		8B6B4EA01EF13B630061E174 /* HelloWorld */ = {
			isa = PBXNativeTarget;
			buildConfigurationList = 8B6B4EB31EF13B630061E174 /* Build configuration list for PBXNativeTarget "HelloWorld" */;
			buildPhases = (
				8B6B4E9D1EF13B630061E174 /* Sources */,
				8B6B4E9E1EF13B630061E174 /* Frameworks */,
				8B6B4E9F1EF13B630061E174 /* Resources */,
			);
			buildRules = (
			);
			dependencies = (
			);
			name = HelloWorld;
			productName = HelloWorld;
			productReference = 8B6B4EA11EF13B630061E174 /* HelloWorld.app */;
			productType = "com.apple.product-type.application";
		};
/* End PBXNativeTarget section */

/* Begin PBXProject section */
		8B6B4E991EF13B630061E174 /* Project object */ = {
			isa = PBXProject;
			attributes = {
				LastSwiftUpdateCheck = 0830;
				LastUpgradeCheck = 0830;
				ORGANIZATIONNAME = "Clement Chan";
				TargetAttributes = {
					8B6B4EA01EF13B630061E174 = {
						CreatedOnToolsVersion = 8.3.3;
						DevelopmentTeam = LM2JVRCY44;
						ProvisioningStyle = Automatic;
					};
				};
			};
			buildConfigurationList = 8B6B4E9C1EF13B630061E174 /* Build configuration list for PBXProject "HelloWorld" */;
			compatibilityVersion = "Xcode 3.2";
			developmentRegion = English;
			hasScannedForEncodings = 0;
			knownRegions = (
				en,
				Base,
			);
			mainGroup = 8B6B4E981EF13B630061E174;
			productRefGroup = 8B6B4EA21EF13B630061E174 /* Products */;
			projectDirPath = "";
			projectRoot = "";
			targets = (
				8B6B4EA01EF13B630061E174 /* HelloWorld */,
			);
		};
/* End PBXProject section */

/* Begin PBXResourcesBuildPhase section */
		8B6B4E9F1EF13B630061E174 /* Resources */ = {
			isa = PBXResourcesBuildPhase;
			buildActionMask = 2147483647;
			files = (
				8BDE25C11EF2D59400679B2E /* sean-afnan-217427.jpg in Resources */,
				8B6B4EAF1EF13B630061E174 /* LaunchScreen.storyboard in Resources */,
				8B6B4EAC1EF13B630061E174 /* Assets.xcassets in Resources */,
				8B6B4EAA1EF13B630061E174 /* Main.storyboard in Resources */,
			);
			runOnlyForDeploymentPostprocessing = 0;
		};
/* End PBXResourcesBuildPhase section */

/* Begin PBXSourcesBuildPhase section */
		8B6B4E9D1EF13B630061E174 /* Sources */ = {
			isa = PBXSourcesBuildPhase;
			buildActionMask = 2147483647;
			files = (
				8BDE25C41EF3ABA000679B2E /* SecondViewController.swift in Sources */,
				8B6B4EA71EF13B630061E174 /* ViewController.swift in Sources */,
				8B6B4EA51EF13B630061E174 /* AppDelegate.swift in Sources */,
			);
			runOnlyForDeploymentPostprocessing = 0;
		};
/* End PBXSourcesBuildPhase section */

/* Begin PBXVariantGroup section */
		8B6B4EA81EF13B630061E174 /* Main.storyboard */ = {
			isa = PBXVariantGroup;
			children = (
				8B6B4EA91EF13B630061E174 /* Base */,
			);
			name = Main.storyboard;
			sourceTree = "<group>";
		};
		8B6B4EAD1EF13B630061E174 /* LaunchScreen.storyboard */ = {
			isa = PBXVariantGroup;
			children = (
				8B6B4EAE1EF13B630061E174 /* Base */,
			);
			name = LaunchScreen.storyboard;
			sourceTree = "<group>";
		};
/* End PBXVariantGroup section */

/* Begin XCBuildConfiguration section */
		8B6B4EB11EF13B630061E174 /* Debug */ = {
			isa = XCBuildConfiguration;
			buildSettings = {
				ALWAYS_SEARCH_USER_PATHS = NO;
				CLANG_ANALYZER_NONNULL = YES;
				CLANG_ANALYZER_NUMBER_OBJECT_CONVERSION = YES_AGGRESSIVE;
				CLANG_CXX_LANGUAGE_STANDARD = "gnu++0x";
				CLANG_CXX_LIBRARY = "libc++";
				CLANG_ENABLE_MODULES = YES;
				CLANG_ENABLE_OBJC_ARC = YES;
				CLANG_WARN_BOOL_CONVERSION = YES;
				CLANG_WARN_CONSTANT_CONVERSION = YES;
				CLANG_WARN_DIRECT_OBJC_ISA_USAGE = YES_ERROR;
				CLANG_WARN_DOCUMENTATION_COMMENTS = YES;
				CLANG_WARN_EMPTY_BODY = YES;
				CLANG_WARN_ENUM_CONVERSION = YES;
				CLANG_WARN_INFINITE_RECURSION = YES;
				CLANG_WARN_INT_CONVERSION = YES;
				CLANG_WARN_OBJC_ROOT_CLASS = YES_ERROR;
				CLANG_WARN_SUSPICIOUS_MOVE = YES;
				CLANG_WARN_UNREACHABLE_CODE = YES;
				CLANG_WARN__DUPLICATE_METHOD_MATCH = YES;
				"CODE_SIGN_IDENTITY[sdk=iphoneos*]" = "iPhone Developer";
				COPY_PHASE_STRIP = NO;
				DEBUG_INFORMATION_FORMAT = dwarf;
				ENABLE_STRICT_OBJC_MSGSEND = YES;
				ENABLE_TESTABILITY = YES;
				GCC_C_LANGUAGE_STANDARD = gnu99;
				GCC_DYNAMIC_NO_PIC = NO;
				GCC_NO_COMMON_BLOCKS = YES;
				GCC_OPTIMIZATION_LEVEL = 0;
				GCC_PREPROCESSOR_DEFINITIONS = (
					"DEBUG=1",
					"$(inherited)",
				);
				GCC_WARN_64_TO_32_BIT_CONVERSION = YES;
				GCC_WARN_ABOUT_RETURN_TYPE = YES_ERROR;
				GCC_WARN_UNDECLARED_SELECTOR = YES;
				GCC_WARN_UNINITIALIZED_AUTOS = YES_AGGRESSIVE;
				GCC_WARN_UNUSED_FUNCTION = YES;
				GCC_WARN_UNUSED_VARIABLE = YES;
				IPHONEOS_DEPLOYMENT_TARGET = 10.3;
				MTL_ENABLE_DEBUG_INFO = YES;
				ONLY_ACTIVE_ARCH = YES;
				SDKROOT = iphoneos;
				SWIFT_ACTIVE_COMPILATION_CONDITIONS = DEBUG;
				SWIFT_OPTIMIZATION_LEVEL = "-Onone";
			};
			name = Debug;
		};
		8B6B4EB21EF13B630061E174 /* Release */ = {
			isa = XCBuildConfiguration;
			buildSettings = {
				ALWAYS_SEARCH_USER_PATHS = NO;
				CLANG_ANALYZER_NONNULL = YES;
				CLANG_ANALYZER_NUMBER_OBJECT_CONVERSION = YES_AGGRESSIVE;
				CLANG_CXX_LANGUAGE_STANDARD = "gnu++0x";
				CLANG_CXX_LIBRARY = "libc++";
				CLANG_ENABLE_MODULES = YES;
				CLANG_ENABLE_OBJC_ARC = YES;
				CLANG_WARN_BOOL_CONVERSION = YES;
				CLANG_WARN_CONSTANT_CONVERSION = YES;
				CLANG_WARN_DIRECT_OBJC_ISA_USAGE = YES_ERROR;
				CLANG_WARN_DOCUMENTATION_COMMENTS = YES;
				CLANG_WARN_EMPTY_BODY = YES;
				CLANG_WARN_ENUM_CONVERSION = YES;
				CLANG_WARN_INFINITE_RECURSION = YES;
				CLANG_WARN_INT_CONVERSION = YES;
				CLANG_WARN_OBJC_ROOT_CLASS = YES_ERROR;
				CLANG_WARN_SUSPICIOUS_MOVE = YES;
				CLANG_WARN_UNREACHABLE_CODE = YES;
				CLANG_WARN__DUPLICATE_METHOD_MATCH = YES;
				"CODE_SIGN_IDENTITY[sdk=iphoneos*]" = "iPhone Developer";
				COPY_PHASE_STRIP = NO;
				DEBUG_INFORMATION_FORMAT = "dwarf-with-dsym";
				ENABLE_NS_ASSERTIONS = NO;
				ENABLE_STRICT_OBJC_MSGSEND = YES;
				GCC_C_LANGUAGE_STANDARD = gnu99;
				GCC_NO_COMMON_BLOCKS = YES;
				GCC_WARN_64_TO_32_BIT_CONVERSION = YES;
				GCC_WARN_ABOUT_RETURN_TYPE = YES_ERROR;
				GCC_WARN_UNDECLARED_SELECTOR = YES;
				GCC_WARN_UNINITIALIZED_AUTOS = YES_AGGRESSIVE;
				GCC_WARN_UNUSED_FUNCTION = YES;
				GCC_WARN_UNUSED_VARIABLE = YES;
				IPHONEOS_DEPLOYMENT_TARGET = 10.3;
				MTL_ENABLE_DEBUG_INFO = NO;
				SDKROOT = iphoneos;
				SWIFT_OPTIMIZATION_LEVEL = "-Owholemodule";
				VALIDATE_PRODUCT = YES;
			};
			name = Release;
		};
		8B6B4EB41EF13B630061E174 /* Debug */ = {
			isa = XCBuildConfiguration;
			buildSettings = {
				ASSETCATALOG_COMPILER_APPICON_NAME = AppIcon;
				DEVELOPMENT_TEAM = LM2JVRCY44;
				INFOPLIST_FILE = HelloWorld/Info.plist;
				LD_RUNPATH_SEARCH_PATHS = "$(inherited) @executable_path/Frameworks";
				PRODUCT_BUNDLE_IDENTIFIER = com.superstring.HelloWorld;
				PRODUCT_NAME = "$(TARGET_NAME)";
				SWIFT_VERSION = 3.0;
			};
			name = Debug;
		};
		8B6B4EB51EF13B630061E174 /* Release */ = {
			isa = XCBuildConfiguration;
			buildSettings = {
				ASSETCATALOG_COMPILER_APPICON_NAME = AppIcon;
				DEVELOPMENT_TEAM = LM2JVRCY44;
				INFOPLIST_FILE = HelloWorld/Info.plist;
				LD_RUNPATH_SEARCH_PATHS = "$(inherited) @executable_path/Frameworks";
				PRODUCT_BUNDLE_IDENTIFIER = com.superstring.HelloWorld;
				PRODUCT_NAME = "$(TARGET_NAME)";
				SWIFT_VERSION = 3.0;
			};
			name = Release;
		};
/* End XCBuildConfiguration section */

/* Begin XCConfigurationList section */
		8B6B4E9C1EF13B630061E174 /* Build configuration list for PBXProject "HelloWorld" */ = {
			isa = XCConfigurationList;
			buildConfigurations = (
				8B6B4EB11EF13B630061E174 /* Debug */,
				8B6B4EB21EF13B630061E174 /* Release */,
			);
			defaultConfigurationIsVisible = 0;
			defaultConfigurationName = Release;
		};
		8B6B4EB31EF13B630061E174 /* Build configuration list for PBXNativeTarget "HelloWorld" */ = {
			isa = XCConfigurationList;
			buildConfigurations = (
				8B6B4EB41EF13B630061E174 /* Debug */,
				8B6B4EB51EF13B630061E174 /* Release */,
			);
			defaultConfigurationIsVisible = 0;
			defaultConfigurationName = Release;
		};
/* End XCConfigurationList section */
	};
	rootObject = 8B6B4E991EF13B630061E174 /* Project object */;
}
